// !$*UTF8*$!
{
	archiveVersion = 1;
	classes = {
	};
	objectVersion = 55;
	objects = {

/* Begin PBXBuildFile section */
		B76B979C28C0AABD007D2578 /* LandmarksApp.swift in Sources */ = {isa = PBXBuildFile; fileRef = B76B979B28C0AABD007D2578 /* LandmarksApp.swift */; };
		B76B979E28C0AABD007D2578 /* ContentView.swift in Sources */ = {isa = PBXBuildFile; fileRef = B76B979D28C0AABD007D2578 /* ContentView.swift */; };
		B76B97A028C0AABD007D2578 /* Assets.xcassets in Resources */ = {isa = PBXBuildFile; fileRef = B76B979F28C0AABD007D2578 /* Assets.xcassets */; };
		B76B97A328C0AABD007D2578 /* Preview Assets.xcassets in Resources */ = {isa = PBXBuildFile; fileRef = B76B97A228C0AABD007D2578 /* Preview Assets.xcassets */; };
		B76B97AA28C0AAD6007D2578 /* CircleImage.swift in Sources */ = {isa = PBXBuildFile; fileRef = B76B97A928C0AAD6007D2578 /* CircleImage.swift */; };
		B76B97AC28C0BB25007D2578 /* MapView.swift in Sources */ = {isa = PBXBuildFile; fileRef = B76B97AB28C0BB25007D2578 /* MapView.swift */; };
		B76B97AE28C0C16E007D2578 /* landmarkData.json in Resources */ = {isa = PBXBuildFile; fileRef = B76B97AD28C0C16E007D2578 /* landmarkData.json */; };
		B76B97B028C0C1A6007D2578 /* Landmark.swift in Sources */ = {isa = PBXBuildFile; fileRef = B76B97AF28C0C1A6007D2578 /* Landmark.swift */; };
		B76B97B228C0C23B007D2578 /* ModelData.swift in Sources */ = {isa = PBXBuildFile; fileRef = B76B97B128C0C23B007D2578 /* ModelData.swift */; };
		B76B97B728C0E0F7007D2578 /* LandmarkRow.swift in Sources */ = {isa = PBXBuildFile; fileRef = B76B97B628C0E0F7007D2578 /* LandmarkRow.swift */; };
		B76B97B928C0E2C2007D2578 /* LandmarkList.swift in Sources */ = {isa = PBXBuildFile; fileRef = B76B97B828C0E2C2007D2578 /* LandmarkList.swift */; };
		B76B97BB28C0E96D007D2578 /* LandmarkDetail.swift in Sources */ = {isa = PBXBuildFile; fileRef = B76B97BA28C0E96D007D2578 /* LandmarkDetail.swift */; };
		B76B97BD28C21CC8007D2578 /* FavoriteButton.swift in Sources */ = {isa = PBXBuildFile; fileRef = B76B97BC28C21CC8007D2578 /* FavoriteButton.swift */; };
		B76B97C128C21FEC007D2578 /* HexagonParameters.swift in Sources */ = {isa = PBXBuildFile; fileRef = B76B97C028C21FEC007D2578 /* HexagonParameters.swift */; };
		B76B97C328C22049007D2578 /* BadgeBackground.swift in Sources */ = {isa = PBXBuildFile; fileRef = B76B97C228C22049007D2578 /* BadgeBackground.swift */; };
		B76B97C528C34B75007D2578 /* BadgeSymbol.swift in Sources */ = {isa = PBXBuildFile; fileRef = B76B97C428C34B75007D2578 /* BadgeSymbol.swift */; };
		B76B97C728C34CA2007D2578 /* RotatedBadgeSymbol.swift in Sources */ = {isa = PBXBuildFile; fileRef = B76B97C628C34CA2007D2578 /* RotatedBadgeSymbol.swift */; };
		B76B97C928C34D2A007D2578 /* Badge.swift in Sources */ = {isa = PBXBuildFile; fileRef = B76B97C828C34D2A007D2578 /* Badge.swift */; };
		B76B97CC28C352B1007D2578 /* hikeData.json in Resources */ = {isa = PBXBuildFile; fileRef = B76B97CB28C352B1007D2578 /* hikeData.json */; };
		B76B97CE28C352E8007D2578 /* Hike.swift in Sources */ = {isa = PBXBuildFile; fileRef = B76B97CD28C352E8007D2578 /* Hike.swift */; };
		B76B97D328C353AF007D2578 /* GraphCapsule.swift in Sources */ = {isa = PBXBuildFile; fileRef = B76B97D228C353AF007D2578 /* GraphCapsule.swift */; };
		B76B97D528C353CB007D2578 /* HikeDetail.swift in Sources */ = {isa = PBXBuildFile; fileRef = B76B97D428C353CB007D2578 /* HikeDetail.swift */; };
		B76B97D728C353E7007D2578 /* HikeGraph.swift in Sources */ = {isa = PBXBuildFile; fileRef = B76B97D628C353E7007D2578 /* HikeGraph.swift */; };
		B76B97D928C35400007D2578 /* HikeView.swift in Sources */ = {isa = PBXBuildFile; fileRef = B76B97D828C35400007D2578 /* HikeView.swift */; };
		B76B97DC28C3707B007D2578 /* CategoryHome.swift in Sources */ = {isa = PBXBuildFile; fileRef = B76B97DB28C3707B007D2578 /* CategoryHome.swift */; };
		B76B97DE28C371D8007D2578 /* CategoryRow.swift in Sources */ = {isa = PBXBuildFile; fileRef = B76B97DD28C371D8007D2578 /* CategoryRow.swift */; };
		B76B97E028C3729B007D2578 /* CategoryItem.swift in Sources */ = {isa = PBXBuildFile; fileRef = B76B97DF28C3729B007D2578 /* CategoryItem.swift */; };
/* End PBXBuildFile section */

/* Begin PBXFileReference section */
		B76B979828C0AABD007D2578 /* LandmarksApp.app */ = {isa = PBXFileReference; explicitFileType = wrapper.application; includeInIndex = 0; path = LandmarksApp.app; sourceTree = BUILT_PRODUCTS_DIR; };
		B76B979B28C0AABD007D2578 /* LandmarksApp.swift */ = {isa = PBXFileReference; lastKnownFileType = sourcecode.swift; path = LandmarksApp.swift; sourceTree = "<group>"; };
		B76B979D28C0AABD007D2578 /* ContentView.swift */ = {isa = PBXFileReference; lastKnownFileType = sourcecode.swift; path = ContentView.swift; sourceTree = "<group>"; };
		B76B979F28C0AABD007D2578 /* Assets.xcassets */ = {isa = PBXFileReference; lastKnownFileType = folder.assetcatalog; path = Assets.xcassets; sourceTree = "<group>"; };
		B76B97A228C0AABD007D2578 /* Preview Assets.xcassets */ = {isa = PBXFileReference; lastKnownFileType = folder.assetcatalog; path = "Preview Assets.xcassets"; sourceTree = "<group>"; };
		B76B97A928C0AAD6007D2578 /* CircleImage.swift */ = {isa = PBXFileReference; lastKnownFileType = sourcecode.swift; path = CircleImage.swift; sourceTree = "<group>"; };
		B76B97AB28C0BB25007D2578 /* MapView.swift */ = {isa = PBXFileReference; lastKnownFileType = sourcecode.swift; path = MapView.swift; sourceTree = "<group>"; };
		B76B97AD28C0C16E007D2578 /* landmarkData.json */ = {isa = PBXFileReference; fileEncoding = 4; lastKnownFileType = text.json; path = landmarkData.json; sourceTree = "<group>"; };
		B76B97AF28C0C1A6007D2578 /* Landmark.swift */ = {isa = PBXFileReference; lastKnownFileType = sourcecode.swift; path = Landmark.swift; sourceTree = "<group>"; };
		B76B97B128C0C23B007D2578 /* ModelData.swift */ = {isa = PBXFileReference; lastKnownFileType = sourcecode.swift; path = ModelData.swift; sourceTree = "<group>"; };
		B76B97B628C0E0F7007D2578 /* LandmarkRow.swift */ = {isa = PBXFileReference; lastKnownFileType = sourcecode.swift; path = LandmarkRow.swift; sourceTree = "<group>"; };
		B76B97B828C0E2C2007D2578 /* LandmarkList.swift */ = {isa = PBXFileReference; lastKnownFileType = sourcecode.swift; path = LandmarkList.swift; sourceTree = "<group>"; };
		B76B97BA28C0E96D007D2578 /* LandmarkDetail.swift */ = {isa = PBXFileReference; lastKnownFileType = sourcecode.swift; path = LandmarkDetail.swift; sourceTree = "<group>"; };
		B76B97BC28C21CC8007D2578 /* FavoriteButton.swift */ = {isa = PBXFileReference; lastKnownFileType = sourcecode.swift; path = FavoriteButton.swift; sourceTree = "<group>"; };
		B76B97C028C21FEC007D2578 /* HexagonParameters.swift */ = {isa = PBXFileReference; lastKnownFileType = sourcecode.swift; path = HexagonParameters.swift; sourceTree = "<group>"; };
		B76B97C228C22049007D2578 /* BadgeBackground.swift */ = {isa = PBXFileReference; lastKnownFileType = sourcecode.swift; path = BadgeBackground.swift; sourceTree = "<group>"; };
		B76B97C428C34B75007D2578 /* BadgeSymbol.swift */ = {isa = PBXFileReference; lastKnownFileType = sourcecode.swift; path = BadgeSymbol.swift; sourceTree = "<group>"; };
		B76B97C628C34CA2007D2578 /* RotatedBadgeSymbol.swift */ = {isa = PBXFileReference; lastKnownFileType = sourcecode.swift; path = RotatedBadgeSymbol.swift; sourceTree = "<group>"; };
		B76B97C828C34D2A007D2578 /* Badge.swift */ = {isa = PBXFileReference; lastKnownFileType = sourcecode.swift; path = Badge.swift; sourceTree = "<group>"; };
		B76B97CB28C352B1007D2578 /* hikeData.json */ = {isa = PBXFileReference; fileEncoding = 4; lastKnownFileType = text.json; path = hikeData.json; sourceTree = "<group>"; };
		B76B97CD28C352E8007D2578 /* Hike.swift */ = {isa = PBXFileReference; lastKnownFileType = sourcecode.swift; path = Hike.swift; sourceTree = "<group>"; };
		B76B97D228C353AF007D2578 /* GraphCapsule.swift */ = {isa = PBXFileReference; lastKnownFileType = sourcecode.swift; path = GraphCapsule.swift; sourceTree = "<group>"; };
		B76B97D428C353CB007D2578 /* HikeDetail.swift */ = {isa = PBXFileReference; lastKnownFileType = sourcecode.swift; path = HikeDetail.swift; sourceTree = "<group>"; };
		B76B97D628C353E7007D2578 /* HikeGraph.swift */ = {isa = PBXFileReference; lastKnownFileType = sourcecode.swift; path = HikeGraph.swift; sourceTree = "<group>"; };
		B76B97D828C35400007D2578 /* HikeView.swift */ = {isa = PBXFileReference; lastKnownFileType = sourcecode.swift; path = HikeView.swift; sourceTree = "<group>"; };
		B76B97DB28C3707B007D2578 /* CategoryHome.swift */ = {isa = PBXFileReference; lastKnownFileType = sourcecode.swift; path = CategoryHome.swift; sourceTree = "<group>"; };
		B76B97DD28C371D8007D2578 /* CategoryRow.swift */ = {isa = PBXFileReference; lastKnownFileType = sourcecode.swift; path = CategoryRow.swift; sourceTree = "<group>"; };
		B76B97DF28C3729B007D2578 /* CategoryItem.swift */ = {isa = PBXFileReference; lastKnownFileType = sourcecode.swift; path = CategoryItem.swift; sourceTree = "<group>"; };
/* End PBXFileReference section */

/* Begin PBXFrameworksBuildPhase section */
		B76B979528C0AABD007D2578 /* Frameworks */ = {
			isa = PBXFrameworksBuildPhase;
			buildActionMask = 2147483647;
			files = (
			);
			runOnlyForDeploymentPostprocessing = 0;
		};
/* End PBXFrameworksBuildPhase section */

/* Begin PBXGroup section */
		B76B978F28C0AABD007D2578 = {
			isa = PBXGroup;
			children = (
				B76B979A28C0AABD007D2578 /* LandmarksApp */,
				B76B979928C0AABD007D2578 /* Products */,
			);
			sourceTree = "<group>";
		};
		B76B979928C0AABD007D2578 /* Products */ = {
			isa = PBXGroup;
			children = (
				B76B979828C0AABD007D2578 /* LandmarksApp.app */,
			);
			name = Products;
			sourceTree = "<group>";
		};
		B76B979A28C0AABD007D2578 /* LandmarksApp */ = {
			isa = PBXGroup;
			children = (
				B76B979B28C0AABD007D2578 /* LandmarksApp.swift */,
				B76B97B328C0C285007D2578 /* Views */,
				B76B97B428C0C299007D2578 /* Model */,
				B76B97B528C0C2A5007D2578 /* Resources */,
				B76B979F28C0AABD007D2578 /* Assets.xcassets */,
				B76B97A128C0AABD007D2578 /* Preview Content */,
			);
			path = LandmarksApp;
			sourceTree = "<group>";
		};
		B76B97A128C0AABD007D2578 /* Preview Content */ = {
			isa = PBXGroup;
			children = (
				B76B97A228C0AABD007D2578 /* Preview Assets.xcassets */,
			);
			path = "Preview Content";
			sourceTree = "<group>";
		};
		B76B97B328C0C285007D2578 /* Views */ = {
			isa = PBXGroup;
			children = (
				B76B979D28C0AABD007D2578 /* ContentView.swift */,
				B76B97DA28C3703C007D2578 /* Categories */,
				B76B97D128C35390007D2578 /* Hikes */,
				B76B97BF28C21D70007D2578 /* Landmarks */,
				B76B97CA28C34DBD007D2578 /* Badges */,
				B76B97BE28C21D4D007D2578 /* Helpers */,
			);
			path = Views;
			sourceTree = "<group>";
		};
		B76B97B428C0C299007D2578 /* Model */ = {
			isa = PBXGroup;
			children = (
				B76B97AF28C0C1A6007D2578 /* Landmark.swift */,
				B76B97B128C0C23B007D2578 /* ModelData.swift */,
				B76B97CD28C352E8007D2578 /* Hike.swift */,
			);
			path = Model;
			sourceTree = "<group>";
		};
		B76B97B528C0C2A5007D2578 /* Resources */ = {
			isa = PBXGroup;
			children = (
				B76B97AD28C0C16E007D2578 /* landmarkData.json */,
				B76B97CB28C352B1007D2578 /* hikeData.json */,
			);
			path = Resources;
			sourceTree = "<group>";
		};
		B76B97BE28C21D4D007D2578 /* Helpers */ = {
			isa = PBXGroup;
			children = (
				B76B97A928C0AAD6007D2578 /* CircleImage.swift */,
				B76B97AB28C0BB25007D2578 /* MapView.swift */,
				B76B97BC28C21CC8007D2578 /* FavoriteButton.swift */,
			);
			path = Helpers;
			sourceTree = "<group>";
		};
		B76B97BF28C21D70007D2578 /* Landmarks */ = {
			isa = PBXGroup;
			children = (
				B76B97B628C0E0F7007D2578 /* LandmarkRow.swift */,
				B76B97B828C0E2C2007D2578 /* LandmarkList.swift */,
				B76B97BA28C0E96D007D2578 /* LandmarkDetail.swift */,
			);
			path = Landmarks;
			sourceTree = "<group>";
		};
		B76B97CA28C34DBD007D2578 /* Badges */ = {
			isa = PBXGroup;
			children = (
				B76B97C028C21FEC007D2578 /* HexagonParameters.swift */,
				B76B97C228C22049007D2578 /* BadgeBackground.swift */,
				B76B97C428C34B75007D2578 /* BadgeSymbol.swift */,
				B76B97C628C34CA2007D2578 /* RotatedBadgeSymbol.swift */,
				B76B97C828C34D2A007D2578 /* Badge.swift */,
			);
			path = Badges;
			sourceTree = "<group>";
		};
		B76B97D128C35390007D2578 /* Hikes */ = {
			isa = PBXGroup;
			children = (
				B76B97D228C353AF007D2578 /* GraphCapsule.swift */,
				B76B97D428C353CB007D2578 /* HikeDetail.swift */,
				B76B97D628C353E7007D2578 /* HikeGraph.swift */,
				B76B97D828C35400007D2578 /* HikeView.swift */,
			);
			path = Hikes;
			sourceTree = "<group>";
		};
		B76B97DA28C3703C007D2578 /* Categories */ = {
			isa = PBXGroup;
			children = (
				B76B97DB28C3707B007D2578 /* CategoryHome.swift */,
				B76B97DD28C371D8007D2578 /* CategoryRow.swift */,
				B76B97DF28C3729B007D2578 /* CategoryItem.swift */,
			);
			path = Categories;
			sourceTree = "<group>";
		};
/* End PBXGroup section */

/* Begin PBXNativeTarget section */
		B76B979728C0AABD007D2578 /* LandmarksApp */ = {
			isa = PBXNativeTarget;
			buildConfigurationList = B76B97A628C0AABD007D2578 /* Build configuration list for PBXNativeTarget "LandmarksApp" */;
			buildPhases = (
				B76B979428C0AABD007D2578 /* Sources */,
				B76B979528C0AABD007D2578 /* Frameworks */,
				B76B979628C0AABD007D2578 /* Resources */,
			);
			buildRules = (
			);
			dependencies = (
			);
			name = LandmarksApp;
			productName = LandmarksApp;
			productReference = B76B979828C0AABD007D2578 /* LandmarksApp.app */;
			productType = "com.apple.product-type.application";
		};
/* End PBXNativeTarget section */

/* Begin PBXProject section */
		B76B979028C0AABD007D2578 /* Project object */ = {
			isa = PBXProject;
			attributes = {
				BuildIndependentTargetsInParallel = 1;
				LastSwiftUpdateCheck = 1340;
				LastUpgradeCheck = 1340;
				TargetAttributes = {
					B76B979728C0AABD007D2578 = {
						CreatedOnToolsVersion = 13.4.1;
					};
				};
			};
			buildConfigurationList = B76B979328C0AABD007D2578 /* Build configuration list for PBXProject "LandmarksApp" */;
			compatibilityVersion = "Xcode 13.0";
			developmentRegion = en;
			hasScannedForEncodings = 0;
			knownRegions = (
				en,
				Base,
			);
			mainGroup = B76B978F28C0AABD007D2578;
			productRefGroup = B76B979928C0AABD007D2578 /* Products */;
			projectDirPath = "";
			projectRoot = "";
			targets = (
				B76B979728C0AABD007D2578 /* LandmarksApp */,
			);
		};
/* End PBXProject section */

/* Begin PBXResourcesBuildPhase section */
		B76B979628C0AABD007D2578 /* Resources */ = {
			isa = PBXResourcesBuildPhase;
			buildActionMask = 2147483647;
			files = (
				B76B97CC28C352B1007D2578 /* hikeData.json in Resources */,
				B76B97A328C0AABD007D2578 /* Preview Assets.xcassets in Resources */,
				B76B97A028C0AABD007D2578 /* Assets.xcassets in Resources */,
				B76B97AE28C0C16E007D2578 /* landmarkData.json in Resources */,
			);
			runOnlyForDeploymentPostprocessing = 0;
		};
/* End PBXResourcesBuildPhase section */

/* Begin PBXSourcesBuildPhase section */
		B76B979428C0AABD007D2578 /* Sources */ = {
			isa = PBXSourcesBuildPhase;
			buildActionMask = 2147483647;
			files = (
				B76B97DE28C371D8007D2578 /* CategoryRow.swift in Sources */,
				B76B979E28C0AABD007D2578 /* ContentView.swift in Sources */,
				B76B97DC28C3707B007D2578 /* CategoryHome.swift in Sources */,
				B76B97C928C34D2A007D2578 /* Badge.swift in Sources */,
				B76B97AC28C0BB25007D2578 /* MapView.swift in Sources */,
				B76B97D328C353AF007D2578 /* GraphCapsule.swift in Sources */,
				B76B97D728C353E7007D2578 /* HikeGraph.swift in Sources */,
				B76B979C28C0AABD007D2578 /* LandmarksApp.swift in Sources */,
				B76B97BD28C21CC8007D2578 /* FavoriteButton.swift in Sources */,
				B76B97E028C3729B007D2578 /* CategoryItem.swift in Sources */,
				B76B97C128C21FEC007D2578 /* HexagonParameters.swift in Sources */,
				B76B97CE28C352E8007D2578 /* Hike.swift in Sources */,
				B76B97C728C34CA2007D2578 /* RotatedBadgeSymbol.swift in Sources */,
				B76B97C528C34B75007D2578 /* BadgeSymbol.swift in Sources */,
				B76B97B928C0E2C2007D2578 /* LandmarkList.swift in Sources */,
				B76B97D528C353CB007D2578 /* HikeDetail.swift in Sources */,
				B76B97D928C35400007D2578 /* HikeView.swift in Sources */,
				B76B97BB28C0E96D007D2578 /* LandmarkDetail.swift in Sources */,
				B76B97C328C22049007D2578 /* BadgeBackground.swift in Sources */,
				B76B97AA28C0AAD6007D2578 /* CircleImage.swift in Sources */,
				B76B97B028C0C1A6007D2578 /* Landmark.swift in Sources */,
				B76B97B728C0E0F7007D2578 /* LandmarkRow.swift in Sources */,
				B76B97B228C0C23B007D2578 /* ModelData.swift in Sources */,
			);
			runOnlyForDeploymentPostprocessing = 0;
		};
/* End PBXSourcesBuildPhase section */

/* Begin XCBuildConfiguration section */
		B76B97A428C0AABD007D2578 /* Debug */ = {
			isa = XCBuildConfiguration;
			buildSettings = {
				ALWAYS_SEARCH_USER_PATHS = NO;
				CLANG_ANALYZER_NONNULL = YES;
				CLANG_ANALYZER_NUMBER_OBJECT_CONVERSION = YES_AGGRESSIVE;
				CLANG_CXX_LANGUAGE_STANDARD = "gnu++17";
				CLANG_ENABLE_MODULES = YES;
				CLANG_ENABLE_OBJC_ARC = YES;
				CLANG_ENABLE_OBJC_WEAK = YES;
				CLANG_WARN_BLOCK_CAPTURE_AUTORELEASING = YES;
				CLANG_WARN_BOOL_CONVERSION = YES;
				CLANG_WARN_COMMA = YES;
				CLANG_WARN_CONSTANT_CONVERSION = YES;
				CLANG_WARN_DEPRECATED_OBJC_IMPLEMENTATIONS = YES;
				CLANG_WARN_DIRECT_OBJC_ISA_USAGE = YES_ERROR;
				CLANG_WARN_DOCUMENTATION_COMMENTS = YES;
				CLANG_WARN_EMPTY_BODY = YES;
				CLANG_WARN_ENUM_CONVERSION = YES;
				CLANG_WARN_INFINITE_RECURSION = YES;
				CLANG_WARN_INT_CONVERSION = YES;
				CLANG_WARN_NON_LITERAL_NULL_CONVERSION = YES;
				CLANG_WARN_OBJC_IMPLICIT_RETAIN_SELF = YES;
				CLANG_WARN_OBJC_LITERAL_CONVERSION = YES;
				CLANG_WARN_OBJC_ROOT_CLASS = YES_ERROR;
				CLANG_WARN_QUOTED_INCLUDE_IN_FRAMEWORK_HEADER = YES;
				CLANG_WARN_RANGE_LOOP_ANALYSIS = YES;
				CLANG_WARN_STRICT_PROTOTYPES = YES;
				CLANG_WARN_SUSPICIOUS_MOVE = YES;
				CLANG_WARN_UNGUARDED_AVAILABILITY = YES_AGGRESSIVE;
				CLANG_WARN_UNREACHABLE_CODE = YES;
				CLANG_WARN__DUPLICATE_METHOD_MATCH = YES;
				COPY_PHASE_STRIP = NO;
				DEBUG_INFORMATION_FORMAT = dwarf;
				ENABLE_STRICT_OBJC_MSGSEND = YES;
				ENABLE_TESTABILITY = YES;
				GCC_C_LANGUAGE_STANDARD = gnu11;
				GCC_DYNAMIC_NO_PIC = NO;
				GCC_NO_COMMON_BLOCKS = YES;
				GCC_OPTIMIZATION_LEVEL = 0;
				GCC_PREPROCESSOR_DEFINITIONS = (
					"DEBUG=1",
					"$(inherited)",
				);
				GCC_WARN_64_TO_32_BIT_CONVERSION = YES;
				GCC_WARN_ABOUT_RETURN_TYPE = YES_ERROR;
				GCC_WARN_UNDECLARED_SELECTOR = YES;
				GCC_WARN_UNINITIALIZED_AUTOS = YES_AGGRESSIVE;
				GCC_WARN_UNUSED_FUNCTION = YES;
				GCC_WARN_UNUSED_VARIABLE = YES;
				IPHONEOS_DEPLOYMENT_TARGET = 15.5;
				MTL_ENABLE_DEBUG_INFO = INCLUDE_SOURCE;
				MTL_FAST_MATH = YES;
				ONLY_ACTIVE_ARCH = YES;
				SDKROOT = iphoneos;
				SWIFT_ACTIVE_COMPILATION_CONDITIONS = DEBUG;
				SWIFT_OPTIMIZATION_LEVEL = "-Onone";
			};
			name = Debug;
		};
		B76B97A528C0AABD007D2578 /* Release */ = {
			isa = XCBuildConfiguration;
			buildSettings = {
				ALWAYS_SEARCH_USER_PATHS = NO;
				CLANG_ANALYZER_NONNULL = YES;
				CLANG_ANALYZER_NUMBER_OBJECT_CONVERSION = YES_AGGRESSIVE;
				CLANG_CXX_LANGUAGE_STANDARD = "gnu++17";
				CLANG_ENABLE_MODULES = YES;
				CLANG_ENABLE_OBJC_ARC = YES;
				CLANG_ENABLE_OBJC_WEAK = YES;
				CLANG_WARN_BLOCK_CAPTURE_AUTORELEASING = YES;
				CLANG_WARN_BOOL_CONVERSION = YES;
				CLANG_WARN_COMMA = YES;
				CLANG_WARN_CONSTANT_CONVERSION = YES;
				CLANG_WARN_DEPRECATED_OBJC_IMPLEMENTATIONS = YES;
				CLANG_WARN_DIRECT_OBJC_ISA_USAGE = YES_ERROR;
				CLANG_WARN_DOCUMENTATION_COMMENTS = YES;
				CLANG_WARN_EMPTY_BODY = YES;
				CLANG_WARN_ENUM_CONVERSION = YES;
				CLANG_WARN_INFINITE_RECURSION = YES;
				CLANG_WARN_INT_CONVERSION = YES;
				CLANG_WARN_NON_LITERAL_NULL_CONVERSION = YES;
				CLANG_WARN_OBJC_IMPLICIT_RETAIN_SELF = YES;
				CLANG_WARN_OBJC_LITERAL_CONVERSION = YES;
				CLANG_WARN_OBJC_ROOT_CLASS = YES_ERROR;
				CLANG_WARN_QUOTED_INCLUDE_IN_FRAMEWORK_HEADER = YES;
				CLANG_WARN_RANGE_LOOP_ANALYSIS = YES;
				CLANG_WARN_STRICT_PROTOTYPES = YES;
				CLANG_WARN_SUSPICIOUS_MOVE = YES;
				CLANG_WARN_UNGUARDED_AVAILABILITY = YES_AGGRESSIVE;
				CLANG_WARN_UNREACHABLE_CODE = YES;
				CLANG_WARN__DUPLICATE_METHOD_MATCH = YES;
				COPY_PHASE_STRIP = NO;
				DEBUG_INFORMATION_FORMAT = "dwarf-with-dsym";
				ENABLE_NS_ASSERTIONS = NO;
				ENABLE_STRICT_OBJC_MSGSEND = YES;
				GCC_C_LANGUAGE_STANDARD = gnu11;
				GCC_NO_COMMON_BLOCKS = YES;
				GCC_WARN_64_TO_32_BIT_CONVERSION = YES;
				GCC_WARN_ABOUT_RETURN_TYPE = YES_ERROR;
				GCC_WARN_UNDECLARED_SELECTOR = YES;
				GCC_WARN_UNINITIALIZED_AUTOS = YES_AGGRESSIVE;
				GCC_WARN_UNUSED_FUNCTION = YES;
				GCC_WARN_UNUSED_VARIABLE = YES;
				IPHONEOS_DEPLOYMENT_TARGET = 15.5;
				MTL_ENABLE_DEBUG_INFO = NO;
				MTL_FAST_MATH = YES;
				SDKROOT = iphoneos;
				SWIFT_COMPILATION_MODE = wholemodule;
				SWIFT_OPTIMIZATION_LEVEL = "-O";
				VALIDATE_PRODUCT = YES;
			};
			name = Release;
		};
		B76B97A728C0AABD007D2578 /* Debug */ = {
			isa = XCBuildConfiguration;
			buildSettings = {
				ASSETCATALOG_COMPILER_APPICON_NAME = AppIcon;
				ASSETCATALOG_COMPILER_GLOBAL_ACCENT_COLOR_NAME = AccentColor;
				CODE_SIGN_STYLE = Automatic;
				CURRENT_PROJECT_VERSION = 1;
				DEVELOPMENT_ASSET_PATHS = "\"LandmarksApp/Preview Content\"";
				DEVELOPMENT_TEAM = 5GR8WF3325;
				ENABLE_PREVIEWS = YES;
				GENERATE_INFOPLIST_FILE = YES;
				INFOPLIST_KEY_UIApplicationSceneManifest_Generation = YES;
				INFOPLIST_KEY_UIApplicationSupportsIndirectInputEvents = YES;
				INFOPLIST_KEY_UILaunchScreen_Generation = YES;
				INFOPLIST_KEY_UISupportedInterfaceOrientations_iPad = "UIInterfaceOrientationPortrait UIInterfaceOrientationPortraitUpsideDown UIInterfaceOrientationLandscapeLeft UIInterfaceOrientationLandscapeRight";
				INFOPLIST_KEY_UISupportedInterfaceOrientations_iPhone = "UIInterfaceOrientationPortrait UIInterfaceOrientationLandscapeLeft UIInterfaceOrientationLandscapeRight";
				LD_RUNPATH_SEARCH_PATHS = (
					"$(inherited)",
					"@executable_path/Frameworks",
				);
				MARKETING_VERSION = 1.0;
				PRODUCT_BUNDLE_IDENTIFIER = Luiza.LandmarksApp;
				PRODUCT_NAME = "$(TARGET_NAME)";
				SWIFT_EMIT_LOC_STRINGS = YES;
				SWIFT_VERSION = 5.0;
				TARGETED_DEVICE_FAMILY = "1,2";
			};
			name = Debug;
		};
		B76B97A828C0AABD007D2578 /* Release */ = {
			isa = XCBuildConfiguration;
			buildSettings = {
				ASSETCATALOG_COMPILER_APPICON_NAME = AppIcon;
				ASSETCATALOG_COMPILER_GLOBAL_ACCENT_COLOR_NAME = AccentColor;
				CODE_SIGN_STYLE = Automatic;
				CURRENT_PROJECT_VERSION = 1;
				DEVELOPMENT_ASSET_PATHS = "\"LandmarksApp/Preview Content\"";
				DEVELOPMENT_TEAM = 5GR8WF3325;
				ENABLE_PREVIEWS = YES;
				GENERATE_INFOPLIST_FILE = YES;
				INFOPLIST_KEY_UIApplicationSceneManifest_Generation = YES;
				INFOPLIST_KEY_UIApplicationSupportsIndirectInputEvents = YES;
				INFOPLIST_KEY_UILaunchScreen_Generation = YES;
				INFOPLIST_KEY_UISupportedInterfaceOrientations_iPad = "UIInterfaceOrientationPortrait UIInterfaceOrientationPortraitUpsideDown UIInterfaceOrientationLandscapeLeft UIInterfaceOrientationLandscapeRight";
				INFOPLIST_KEY_UISupportedInterfaceOrientations_iPhone = "UIInterfaceOrientationPortrait UIInterfaceOrientationLandscapeLeft UIInterfaceOrientationLandscapeRight";
				LD_RUNPATH_SEARCH_PATHS = (
					"$(inherited)",
					"@executable_path/Frameworks",
				);
				MARKETING_VERSION = 1.0;
				PRODUCT_BUNDLE_IDENTIFIER = Luiza.LandmarksApp;
				PRODUCT_NAME = "$(TARGET_NAME)";
				SWIFT_EMIT_LOC_STRINGS = YES;
				SWIFT_VERSION = 5.0;
				TARGETED_DEVICE_FAMILY = "1,2";
			};
			name = Release;
		};
/* End XCBuildConfiguration section */

/* Begin XCConfigurationList section */
		B76B979328C0AABD007D2578 /* Build configuration list for PBXProject "LandmarksApp" */ = {
			isa = XCConfigurationList;
			buildConfigurations = (
				B76B97A428C0AABD007D2578 /* Debug */,
				B76B97A528C0AABD007D2578 /* Release */,
			);
			defaultConfigurationIsVisible = 0;
			defaultConfigurationName = Release;
		};
		B76B97A628C0AABD007D2578 /* Build configuration list for PBXNativeTarget "LandmarksApp" */ = {
			isa = XCConfigurationList;
			buildConfigurations = (
				B76B97A728C0AABD007D2578 /* Debug */,
				B76B97A828C0AABD007D2578 /* Release */,
			);
			defaultConfigurationIsVisible = 0;
			defaultConfigurationName = Release;
		};
/* End XCConfigurationList section */
	};
	rootObject = B76B979028C0AABD007D2578 /* Project object */;
}
